
Microsoft Visual Studio Solution File, Format Version 12.00
# Visual Studio Version 17
VisualStudioVersion = 17.13.35806.99 d17.13
MinimumVisualStudioVersion = 10.0.40219.1
Project("{FAE04EC0-301F-11D3-BF4B-00C04F79EFBC}") = "FastStart", "FastStart\FastStart.csproj", "{F24CF8C6-A34F-4AF7-8AE4-CAD628F156BF}"
EndProject
Project("{FAE04EC0-301F-11D3-BF4B-00C04F79EFBC}") = "libFastStart", "libFastStart\libFastStart.csproj", "{A6C608A3-7325-4029-B1F5-643401AB2466}"
EndProject
Global
	GlobalSection(SolutionConfigurationPlatforms) = preSolution
		Debug|Any CPU = Debug|Any CPU
		Release|Any CPU = Release|Any CPU
	EndGlobalSection
	GlobalSection(ProjectConfigurationPlatforms) = postSolution
		{F24CF8C6-A34F-4AF7-8AE4-CAD628F156BF}.Debug|Any CPU.ActiveCfg = Debug|Any CPU
		{F24CF8C6-A34F-4AF7-8AE4-CAD628F156BF}.Debug|Any CPU.Build.0 = Debug|Any CPU
		{F24CF8C6-A34F-4AF7-8AE4-CAD628F156BF}.Release|Any CPU.ActiveCfg = Release|Any CPU
		{F24CF8C6-A34F-4AF7-8AE4-CAD628F156BF}.Release|Any CPU.Build.0 = Release|Any CPU
		{A6C608A3-7325-4029-B1F5-643401AB2466}.Debug|Any CPU.ActiveCfg = Debug|Any CPU
		{A6C608A3-7325-4029-B1F5-643401AB2466}.Debug|Any CPU.Build.0 = Debug|Any CPU
		{A6C608A3-7325-4029-B1F5-643401AB2466}.Release|Any CPU.ActiveCfg = Release|Any CPU
		{A6C608A3-7325-4029-B1F5-643401AB2466}.Release|Any CPU.Build.0 = Release|Any CPU
	EndGlobalSection
	GlobalSection(SolutionProperties) = preSolution
		HideSolutionNode = FALSE
	EndGlobalSection
	GlobalSection(ExtensibilityGlobals) = postSolution
		SolutionGuid = {EB7E69D4-890C-4BCA-B0D0-00BBABD73E9B}
	EndGlobalSection
EndGlobal
